SITE
  remote: http://community.opscode.com/api/v1
  specs:
    apache2 (1.3.2)
    apt (1.5.0)
    chef-client (2.0.2)

GIT
  remote: https://github.com/fnichol/chef-rvm
  ref: master
  sha: dcdcc93847b932fbca67bf1f89a732556f359fc7
  specs:
    rvm (0.9.1)

DEPENDENCIES
  apache2 (>= 1.0.0)
  apt (>= 0)
  chef-client (>= 0)
  rvm (>= 0)

