SITE
  remote: http://community.opscode.com/api/v1
  specs:
    apt (1.5.0)
    build-essential (1.2.0)
    chef-client (2.0.2)
    nodejs (1.0.1)
      build-essential (>= 0.0.0)

GIT
  remote: https://github.com/fnichol/chef-rvm
  ref: master
  sha: dcdcc93847b932fbca67bf1f89a732556f359fc7
  specs:
    rvm (0.9.1)

DEPENDENCIES
  apt (>= 0)
  chef-client (>= 0)
  nodejs (>= 0)
  rvm (>= 0)

